
Microsoft Visual Studio Solution File, Format Version 12.00
# Visual Studio Version 17
VisualStudioVersion = 17.3.32804.467
MinimumVisualStudioVersion = 10.0.40219.1
Project("{FAE04EC0-301F-11D3-BF4B-00C04F79EFBC}") = "ComicsOrganizer.Web", "ComicsOrganizer.Web\ComicsOrganizer.Web.csproj", "{99935580-373B-4450-91E6-32FEE2DAAE49}"
EndProject
Global
	GlobalSection(SolutionConfigurationPlatforms) = preSolution
		Debug|Any CPU = Debug|Any CPU
		Release|Any CPU = Release|Any CPU
	EndGlobalSection
	GlobalSection(ProjectConfigurationPlatforms) = postSolution
		{99935580-373B-4450-91E6-32FEE2DAAE49}.Debug|Any CPU.ActiveCfg = Debug|Any CPU
		{99935580-373B-4450-91E6-32FEE2DAAE49}.Debug|Any CPU.Build.0 = Debug|Any CPU
		{99935580-373B-4450-91E6-32FEE2DAAE49}.Release|Any CPU.ActiveCfg = Release|Any CPU
		{99935580-373B-4450-91E6-32FEE2DAAE49}.Release|Any CPU.Build.0 = Release|Any CPU
	EndGlobalSection
	GlobalSection(SolutionProperties) = preSolution
		HideSolutionNode = FALSE
	EndGlobalSection
	GlobalSection(ExtensibilityGlobals) = postSolution
		SolutionGuid = {F44E8286-9960-4DD7-95B4-20C361964010}
	EndGlobalSection
EndGlobal
